
Microsoft Visual Studio Solution File, Format Version 12.00
# Visual Studio Version 16
VisualStudioVersion = 16.0.29519.87
MinimumVisualStudioVersion = 10.0.40219.1
Project("{FAE04EC0-301F-11D3-BF4B-00C04F79EFBC}") = "MCS.Web.Framework", "MCS.Web.Framework\MCS.Web.Framework.csproj", "{266AB023-B183-4E08-8935-2B0A891F9352}"
EndProject
Global
	GlobalSection(SolutionConfigurationPlatforms) = preSolution
		Debug|Any CPU = Debug|Any CPU
		Release|Any CPU = Release|Any CPU
	EndGlobalSection
	GlobalSection(ProjectConfigurationPlatforms) = postSolution
		{266AB023-B183-4E08-8935-2B0A891F9352}.Debug|Any CPU.ActiveCfg = Debug|Any CPU
		{266AB023-B183-4E08-8935-2B0A891F9352}.Debug|Any CPU.Build.0 = Debug|Any CPU
		{266AB023-B183-4E08-8935-2B0A891F9352}.Release|Any CPU.ActiveCfg = Release|Any CPU
		{266AB023-B183-4E08-8935-2B0A891F9352}.Release|Any CPU.Build.0 = Release|Any CPU
	EndGlobalSection
	GlobalSection(SolutionProperties) = preSolution
		HideSolutionNode = FALSE
	EndGlobalSection
	GlobalSection(ExtensibilityGlobals) = postSolution
		SolutionGuid = {A1545996-40BE-4F88-A489-BE41C612DB22}
	EndGlobalSection
EndGlobal
