
Microsoft Visual Studio Solution File, Format Version 12.00
# Visual Studio Version 16
VisualStudioVersion = 16.0.29519.87
MinimumVisualStudioVersion = 10.0.40219.1
Project("{9A19103F-16F7-4668-BE54-9A1E7A4F7556}") = "MCS.Web.Framework", "MCS.Web.Framework\MCS.Web.Framework.csproj", "{266AB023-B183-4E08-8935-2B0A891F9352}"
EndProject
Project("{9A19103F-16F7-4668-BE54-9A1E7A4F7556}") = "MCS.Service", "MCS.Service\MCS.Service.csproj", "{7E25A374-61FB-4DEE-A6DC-3E48DEB3D671}"
EndProject
Project("{9A19103F-16F7-4668-BE54-9A1E7A4F7556}") = "MCS.ServiceProvider", "MCS.ServiceProvider\MCS.ServiceProvider.csproj", "{98AE1BF7-9F20-4E55-A409-B54FF19B79AA}"
EndProject
Project("{9A19103F-16F7-4668-BE54-9A1E7A4F7556}") = "MCS.IService", "MCS.IService\MCS.IService.csproj", "{10345307-BA34-46F9-971C-05586EC6F6B6}"
EndProject
Project("{9A19103F-16F7-4668-BE54-9A1E7A4F7556}") = "MCS.Entities", "MCS.Entities\MCS.Entities.csproj", "{6A893E98-59E9-4D5C-A3F2-F72C03ED2F72}"
EndProject
Project("{9A19103F-16F7-4668-BE54-9A1E7A4F7556}") = "MCS.CommonModel", "MCS.CommonModel\MCS.CommonModel.csproj", "{8176A83B-F50A-44B1-91B8-72DBBE668C1A}"
EndProject
Project("{9A19103F-16F7-4668-BE54-9A1E7A4F7556}") = "MCS.Core", "MCS.Core\MCS.Core.csproj", "{A16C3FE7-7275-4C9A-A376-ECCBCB333622}"
EndProject
Project("{9A19103F-16F7-4668-BE54-9A1E7A4F7556}") = "MCS.Web", "MCS.Web\MCS.Web.csproj", "{617A6D88-5B02-4ED5-A350-B2B52C63CB2D}"
EndProject
Project("{9A19103F-16F7-4668-BE54-9A1E7A4F7556}") = "MCS.DTO", "MCS.DTO\MCS.DTO.csproj", "{3CD0AF46-F0F3-402F-A373-19F53721875B}"
EndProject
Project("{2150E333-8FDC-42A3-9474-1A3956D46DE8}") = "Web", "Web", "{F513EFBB-7592-4F77-930D-C42600C5FF36}"
EndProject
Project("{2150E333-8FDC-42A3-9474-1A3956D46DE8}") = "Data", "Data", "{41033909-42A2-45A8-9F3B-75B6310C73DB}"
EndProject
Project("{2150E333-8FDC-42A3-9474-1A3956D46DE8}") = "Core", "Core", "{E1338630-0A3F-4351-B232-383417CD98A5}"
EndProject
Project("{2150E333-8FDC-42A3-9474-1A3956D46DE8}") = "Service", "Service", "{BA6C44EC-F236-46F2-9274-340FA304FAA8}"
EndProject
Project("{9A19103F-16F7-4668-BE54-9A1E7A4F7556}") = "MCS.Application", "MCS.Application\MCS.Application.csproj", "{F402D7F3-8124-4ECA-BC1D-E77014CAE92A}"
EndProject
Project("{2150E333-8FDC-42A3-9474-1A3956D46DE8}") = "Application", "Application", "{5D1AD185-9E74-468D-95E5-16C12FBA9251}"
EndProject
Project("{2150E333-8FDC-42A3-9474-1A3956D46DE8}") = "Cache", "Cache", "{23EF2B7A-E6D0-4BA7-BE9E-79E8797AE219}"
EndProject
Project("{2150E333-8FDC-42A3-9474-1A3956D46DE8}") = "Plugins", "Plugins", "{AA6100B4-5EE4-46EE-B870-743CF0DC6A09}"
EndProject
Project("{9A19103F-16F7-4668-BE54-9A1E7A4F7556}") = "MCS.Strategy.AspNetCoreCache", "MCS.Strategy.AspNetCoreCache\MCS.Strategy.AspNetCoreCache.csproj", "{43F307D9-1F09-41AF-BECF-843D2A602283}"
EndProject
Project("{9A19103F-16F7-4668-BE54-9A1E7A4F7556}") = "MCS.Strategy.AspNetCoreIO", "MCS.Strategy.AspNetCoreIO\MCS.Strategy.AspNetCoreIO.csproj", "{E6F7C5D2-EB2D-4EBA-974F-AFDAC6C4EA62}"
EndProject
Project("{9A19103F-16F7-4668-BE54-9A1E7A4F7556}") = "MCS.Strategy.OSS", "MCS.Strategy.OSS\MCS.Strategy.OSS.csproj", "{D220003C-5229-4EB8-8944-8502535E3088}"
EndProject
Project("{9A19103F-16F7-4668-BE54-9A1E7A4F7556}") = "MCS.Strategy.Redis", "MCS.Strategy.Redis\MCS.Strategy.Redis.csproj", "{2C794029-F098-48D7-872F-04B38C185659}"
EndProject
Project("{2150E333-8FDC-42A3-9474-1A3956D46DE8}") = "Message", "Message", "{996678F9-6738-41B8-ACF9-18BB5F252350}"
EndProject
Project("{9A19103F-16F7-4668-BE54-9A1E7A4F7556}") = "MCS.Plugin.Message.SMS", "MCS.Plugin.Message.SMS\MCS.Plugin.Message.SMS.csproj", "{340F8411-C20F-44B0-9278-9C78FBE21BC8}"
EndProject
Project("{9A19103F-16F7-4668-BE54-9A1E7A4F7556}") = "MCS.Plugin.MessagePlugin", "MCS.Plugin.MessagePlugin\MCS.Plugin.MessagePlugin.csproj", "{30152956-9F7A-45F1-B0D5-BD8E92846748}"
EndProject
Project("{9A19103F-16F7-4668-BE54-9A1E7A4F7556}") = "MCS.Plugin.Message.Email", "MCS.Plugin.Message.Email\MCS.Plugin.Message.Email.csproj", "{C7589ED5-54FB-4474-AD46-1687E0F05632}"
EndProject
Project("{2150E333-8FDC-42A3-9474-1A3956D46DE8}") = "OAuth", "OAuth", "{8E32AACD-91F5-4692-82B5-C501F31CD834}"
EndProject
Project("{9A19103F-16F7-4668-BE54-9A1E7A4F7556}") = "MCS.Plugin.OAuth.QQ", "MCS.Plugin.OAuth.QQ\MCS.Plugin.OAuth.QQ.csproj", "{A1C8BEA0-9A5F-4544-BD37-AC3794213EDA}"
EndProject
Project("{9A19103F-16F7-4668-BE54-9A1E7A4F7556}") = "MCS.Plugin.OAuth.WeiXin", "MCS.Plugin.OAuth.WeiXin\MCS.Plugin.OAuth.WeiXin.csproj", "{68148107-4D9F-4588-9F09-B52EC411BE7D}"
EndProject
Project("{2150E333-8FDC-42A3-9474-1A3956D46DE8}") = "Strategy", "Strategy", "{CE450EB3-71DA-4FAF-B450-97EA40FDD2BD}"
EndProject
Project("{2150E333-8FDC-42A3-9474-1A3956D46DE8}") = "IO", "IO", "{83C8F4C7-961B-4589-BCB2-D8B3B6E87382}"
EndProject
Project("{9A19103F-16F7-4668-BE54-9A1E7A4F7556}") = "MCS.Plugin.OAuth.Weibo", "MCS.Plugin.OAuth.Weibo\MCS.Plugin.OAuth.Weibo.csproj", "{CDBF92CF-BBC8-4176-BE52-6BC10713AD05}"
EndProject
Project("{2150E333-8FDC-42A3-9474-1A3956D46DE8}") = "Payment", "Payment", "{29FD358F-1F7F-41FE-81AA-A3C2F2AC0511}"
EndProject
Project("{FAE04EC0-301F-11D3-BF4B-00C04F79EFBC}") = "MCS.Plugin.Payment.Alipay", "MCS.Plugin.Payment.Alipay\MCS.Plugin.Payment.Alipay.csproj", "{E5C8D279-F413-4B75-9773-9276A09E3A41}"
EndProject
Project("{FAE04EC0-301F-11D3-BF4B-00C04F79EFBC}") = "MCS.Plugin.Payment.Alipay.Base", "MCS.Plugin.Payment.Alipay.Base\MCS.Plugin.Payment.Alipay.Base.csproj", "{50CB6B6A-6742-4DEE-B8CF-9E4637A4B8FB}"
EndProject
Project("{9A19103F-16F7-4668-BE54-9A1E7A4F7556}") = "MCS.Plugin.PaymentPlugin", "MCS.Plugin.PaymentPlugin\MCS.Plugin.PaymentPlugin.csproj", "{28B1E5F1-3BC8-4CA4-A1F8-ACDD045F5874}"
EndProject
Project("{2150E333-8FDC-42A3-9474-1A3956D46DE8}") = "Alipay", "Alipay", "{745DB70F-02C3-438C-BA78-A3E7D1702DA6}"
EndProject
Project("{FAE04EC0-301F-11D3-BF4B-00C04F79EFBC}") = "MCS.Plugin.Payment.AlipayApp", "MCS.Plugin.Payment.AlipayApp\MCS.Plugin.Payment.AlipayApp.csproj", "{B58DB04F-C248-47EE-BB0A-45332980BE21}"
EndProject
Project("{FAE04EC0-301F-11D3-BF4B-00C04F79EFBC}") = "MCS.Plugin.Payment.AlipayWAP", "MCS.Plugin.Payment.AlipayWAP\MCS.Plugin.Payment.AlipayWAP.csproj", "{E7428588-845D-4289-BEF3-7505FB2CABC1}"
EndProject
Global
	GlobalSection(SolutionConfigurationPlatforms) = preSolution
		Debug|Any CPU = Debug|Any CPU
		Release|Any CPU = Release|Any CPU
	EndGlobalSection
	GlobalSection(ProjectConfigurationPlatforms) = postSolution
		{266AB023-B183-4E08-8935-2B0A891F9352}.Debug|Any CPU.ActiveCfg = Debug|Any CPU
		{266AB023-B183-4E08-8935-2B0A891F9352}.Debug|Any CPU.Build.0 = Debug|Any CPU
		{266AB023-B183-4E08-8935-2B0A891F9352}.Release|Any CPU.ActiveCfg = Release|Any CPU
		{266AB023-B183-4E08-8935-2B0A891F9352}.Release|Any CPU.Build.0 = Release|Any CPU
		{7E25A374-61FB-4DEE-A6DC-3E48DEB3D671}.Debug|Any CPU.ActiveCfg = Debug|Any CPU
		{7E25A374-61FB-4DEE-A6DC-3E48DEB3D671}.Debug|Any CPU.Build.0 = Debug|Any CPU
		{7E25A374-61FB-4DEE-A6DC-3E48DEB3D671}.Release|Any CPU.ActiveCfg = Release|Any CPU
		{7E25A374-61FB-4DEE-A6DC-3E48DEB3D671}.Release|Any CPU.Build.0 = Release|Any CPU
		{98AE1BF7-9F20-4E55-A409-B54FF19B79AA}.Debug|Any CPU.ActiveCfg = Debug|Any CPU
		{98AE1BF7-9F20-4E55-A409-B54FF19B79AA}.Debug|Any CPU.Build.0 = Debug|Any CPU
		{98AE1BF7-9F20-4E55-A409-B54FF19B79AA}.Release|Any CPU.ActiveCfg = Release|Any CPU
		{98AE1BF7-9F20-4E55-A409-B54FF19B79AA}.Release|Any CPU.Build.0 = Release|Any CPU
		{10345307-BA34-46F9-971C-05586EC6F6B6}.Debug|Any CPU.ActiveCfg = Debug|Any CPU
		{10345307-BA34-46F9-971C-05586EC6F6B6}.Debug|Any CPU.Build.0 = Debug|Any CPU
		{10345307-BA34-46F9-971C-05586EC6F6B6}.Release|Any CPU.ActiveCfg = Release|Any CPU
		{10345307-BA34-46F9-971C-05586EC6F6B6}.Release|Any CPU.Build.0 = Release|Any CPU
		{6A893E98-59E9-4D5C-A3F2-F72C03ED2F72}.Debug|Any CPU.ActiveCfg = Debug|Any CPU
		{6A893E98-59E9-4D5C-A3F2-F72C03ED2F72}.Debug|Any CPU.Build.0 = Debug|Any CPU
		{6A893E98-59E9-4D5C-A3F2-F72C03ED2F72}.Release|Any CPU.ActiveCfg = Release|Any CPU
		{6A893E98-59E9-4D5C-A3F2-F72C03ED2F72}.Release|Any CPU.Build.0 = Release|Any CPU
		{8176A83B-F50A-44B1-91B8-72DBBE668C1A}.Debug|Any CPU.ActiveCfg = Debug|Any CPU
		{8176A83B-F50A-44B1-91B8-72DBBE668C1A}.Debug|Any CPU.Build.0 = Debug|Any CPU
		{8176A83B-F50A-44B1-91B8-72DBBE668C1A}.Release|Any CPU.ActiveCfg = Release|Any CPU
		{8176A83B-F50A-44B1-91B8-72DBBE668C1A}.Release|Any CPU.Build.0 = Release|Any CPU
		{A16C3FE7-7275-4C9A-A376-ECCBCB333622}.Debug|Any CPU.ActiveCfg = Debug|Any CPU
		{A16C3FE7-7275-4C9A-A376-ECCBCB333622}.Debug|Any CPU.Build.0 = Debug|Any CPU
		{A16C3FE7-7275-4C9A-A376-ECCBCB333622}.Release|Any CPU.ActiveCfg = Release|Any CPU
		{A16C3FE7-7275-4C9A-A376-ECCBCB333622}.Release|Any CPU.Build.0 = Release|Any CPU
		{617A6D88-5B02-4ED5-A350-B2B52C63CB2D}.Debug|Any CPU.ActiveCfg = Debug|Any CPU
		{617A6D88-5B02-4ED5-A350-B2B52C63CB2D}.Debug|Any CPU.Build.0 = Debug|Any CPU
		{617A6D88-5B02-4ED5-A350-B2B52C63CB2D}.Release|Any CPU.ActiveCfg = Release|Any CPU
		{617A6D88-5B02-4ED5-A350-B2B52C63CB2D}.Release|Any CPU.Build.0 = Release|Any CPU
		{3CD0AF46-F0F3-402F-A373-19F53721875B}.Debug|Any CPU.ActiveCfg = Debug|Any CPU
		{3CD0AF46-F0F3-402F-A373-19F53721875B}.Debug|Any CPU.Build.0 = Debug|Any CPU
		{3CD0AF46-F0F3-402F-A373-19F53721875B}.Release|Any CPU.ActiveCfg = Release|Any CPU
		{3CD0AF46-F0F3-402F-A373-19F53721875B}.Release|Any CPU.Build.0 = Release|Any CPU
		{F402D7F3-8124-4ECA-BC1D-E77014CAE92A}.Debug|Any CPU.ActiveCfg = Debug|Any CPU
		{F402D7F3-8124-4ECA-BC1D-E77014CAE92A}.Debug|Any CPU.Build.0 = Debug|Any CPU
		{F402D7F3-8124-4ECA-BC1D-E77014CAE92A}.Release|Any CPU.ActiveCfg = Release|Any CPU
		{F402D7F3-8124-4ECA-BC1D-E77014CAE92A}.Release|Any CPU.Build.0 = Release|Any CPU
		{43F307D9-1F09-41AF-BECF-843D2A602283}.Debug|Any CPU.ActiveCfg = Debug|Any CPU
		{43F307D9-1F09-41AF-BECF-843D2A602283}.Debug|Any CPU.Build.0 = Debug|Any CPU
		{43F307D9-1F09-41AF-BECF-843D2A602283}.Release|Any CPU.ActiveCfg = Release|Any CPU
		{43F307D9-1F09-41AF-BECF-843D2A602283}.Release|Any CPU.Build.0 = Release|Any CPU
		{E6F7C5D2-EB2D-4EBA-974F-AFDAC6C4EA62}.Debug|Any CPU.ActiveCfg = Debug|Any CPU
		{E6F7C5D2-EB2D-4EBA-974F-AFDAC6C4EA62}.Debug|Any CPU.Build.0 = Debug|Any CPU
		{E6F7C5D2-EB2D-4EBA-974F-AFDAC6C4EA62}.Release|Any CPU.ActiveCfg = Release|Any CPU
		{E6F7C5D2-EB2D-4EBA-974F-AFDAC6C4EA62}.Release|Any CPU.Build.0 = Release|Any CPU
		{D220003C-5229-4EB8-8944-8502535E3088}.Debug|Any CPU.ActiveCfg = Debug|Any CPU
		{D220003C-5229-4EB8-8944-8502535E3088}.Debug|Any CPU.Build.0 = Debug|Any CPU
		{D220003C-5229-4EB8-8944-8502535E3088}.Release|Any CPU.ActiveCfg = Release|Any CPU
		{D220003C-5229-4EB8-8944-8502535E3088}.Release|Any CPU.Build.0 = Release|Any CPU
		{2C794029-F098-48D7-872F-04B38C185659}.Debug|Any CPU.ActiveCfg = Debug|Any CPU
		{2C794029-F098-48D7-872F-04B38C185659}.Debug|Any CPU.Build.0 = Debug|Any CPU
		{2C794029-F098-48D7-872F-04B38C185659}.Release|Any CPU.ActiveCfg = Release|Any CPU
		{2C794029-F098-48D7-872F-04B38C185659}.Release|Any CPU.Build.0 = Release|Any CPU
		{340F8411-C20F-44B0-9278-9C78FBE21BC8}.Debug|Any CPU.ActiveCfg = Debug|Any CPU
		{340F8411-C20F-44B0-9278-9C78FBE21BC8}.Debug|Any CPU.Build.0 = Debug|Any CPU
		{340F8411-C20F-44B0-9278-9C78FBE21BC8}.Release|Any CPU.ActiveCfg = Release|Any CPU
		{340F8411-C20F-44B0-9278-9C78FBE21BC8}.Release|Any CPU.Build.0 = Release|Any CPU
		{30152956-9F7A-45F1-B0D5-BD8E92846748}.Debug|Any CPU.ActiveCfg = Debug|Any CPU
		{30152956-9F7A-45F1-B0D5-BD8E92846748}.Debug|Any CPU.Build.0 = Debug|Any CPU
		{30152956-9F7A-45F1-B0D5-BD8E92846748}.Release|Any CPU.ActiveCfg = Release|Any CPU
		{30152956-9F7A-45F1-B0D5-BD8E92846748}.Release|Any CPU.Build.0 = Release|Any CPU
		{C7589ED5-54FB-4474-AD46-1687E0F05632}.Debug|Any CPU.ActiveCfg = Debug|Any CPU
		{C7589ED5-54FB-4474-AD46-1687E0F05632}.Debug|Any CPU.Build.0 = Debug|Any CPU
		{C7589ED5-54FB-4474-AD46-1687E0F05632}.Release|Any CPU.ActiveCfg = Release|Any CPU
		{C7589ED5-54FB-4474-AD46-1687E0F05632}.Release|Any CPU.Build.0 = Release|Any CPU
		{A1C8BEA0-9A5F-4544-BD37-AC3794213EDA}.Debug|Any CPU.ActiveCfg = Debug|Any CPU
		{A1C8BEA0-9A5F-4544-BD37-AC3794213EDA}.Debug|Any CPU.Build.0 = Debug|Any CPU
		{A1C8BEA0-9A5F-4544-BD37-AC3794213EDA}.Release|Any CPU.ActiveCfg = Release|Any CPU
		{A1C8BEA0-9A5F-4544-BD37-AC3794213EDA}.Release|Any CPU.Build.0 = Release|Any CPU
		{68148107-4D9F-4588-9F09-B52EC411BE7D}.Debug|Any CPU.ActiveCfg = Debug|Any CPU
		{68148107-4D9F-4588-9F09-B52EC411BE7D}.Debug|Any CPU.Build.0 = Debug|Any CPU
		{68148107-4D9F-4588-9F09-B52EC411BE7D}.Release|Any CPU.ActiveCfg = Release|Any CPU
		{68148107-4D9F-4588-9F09-B52EC411BE7D}.Release|Any CPU.Build.0 = Release|Any CPU
		{CDBF92CF-BBC8-4176-BE52-6BC10713AD05}.Debug|Any CPU.ActiveCfg = Debug|Any CPU
		{CDBF92CF-BBC8-4176-BE52-6BC10713AD05}.Debug|Any CPU.Build.0 = Debug|Any CPU
		{CDBF92CF-BBC8-4176-BE52-6BC10713AD05}.Release|Any CPU.ActiveCfg = Release|Any CPU
		{CDBF92CF-BBC8-4176-BE52-6BC10713AD05}.Release|Any CPU.Build.0 = Release|Any CPU
		{E5C8D279-F413-4B75-9773-9276A09E3A41}.Debug|Any CPU.ActiveCfg = Debug|Any CPU
		{E5C8D279-F413-4B75-9773-9276A09E3A41}.Debug|Any CPU.Build.0 = Debug|Any CPU
		{E5C8D279-F413-4B75-9773-9276A09E3A41}.Release|Any CPU.ActiveCfg = Release|Any CPU
		{E5C8D279-F413-4B75-9773-9276A09E3A41}.Release|Any CPU.Build.0 = Release|Any CPU
		{50CB6B6A-6742-4DEE-B8CF-9E4637A4B8FB}.Debug|Any CPU.ActiveCfg = Debug|Any CPU
		{50CB6B6A-6742-4DEE-B8CF-9E4637A4B8FB}.Debug|Any CPU.Build.0 = Debug|Any CPU
		{50CB6B6A-6742-4DEE-B8CF-9E4637A4B8FB}.Release|Any CPU.ActiveCfg = Release|Any CPU
		{50CB6B6A-6742-4DEE-B8CF-9E4637A4B8FB}.Release|Any CPU.Build.0 = Release|Any CPU
		{28B1E5F1-3BC8-4CA4-A1F8-ACDD045F5874}.Debug|Any CPU.ActiveCfg = Debug|Any CPU
		{28B1E5F1-3BC8-4CA4-A1F8-ACDD045F5874}.Debug|Any CPU.Build.0 = Debug|Any CPU
		{28B1E5F1-3BC8-4CA4-A1F8-ACDD045F5874}.Release|Any CPU.ActiveCfg = Release|Any CPU
		{28B1E5F1-3BC8-4CA4-A1F8-ACDD045F5874}.Release|Any CPU.Build.0 = Release|Any CPU
		{B58DB04F-C248-47EE-BB0A-45332980BE21}.Debug|Any CPU.ActiveCfg = Debug|Any CPU
		{B58DB04F-C248-47EE-BB0A-45332980BE21}.Debug|Any CPU.Build.0 = Debug|Any CPU
		{B58DB04F-C248-47EE-BB0A-45332980BE21}.Release|Any CPU.ActiveCfg = Release|Any CPU
		{B58DB04F-C248-47EE-BB0A-45332980BE21}.Release|Any CPU.Build.0 = Release|Any CPU
		{E7428588-845D-4289-BEF3-7505FB2CABC1}.Debug|Any CPU.ActiveCfg = Debug|Any CPU
		{E7428588-845D-4289-BEF3-7505FB2CABC1}.Debug|Any CPU.Build.0 = Debug|Any CPU
		{E7428588-845D-4289-BEF3-7505FB2CABC1}.Release|Any CPU.ActiveCfg = Release|Any CPU
		{E7428588-845D-4289-BEF3-7505FB2CABC1}.Release|Any CPU.Build.0 = Release|Any CPU
	EndGlobalSection
	GlobalSection(SolutionProperties) = preSolution
		HideSolutionNode = FALSE
	EndGlobalSection
	GlobalSection(NestedProjects) = preSolution
		{266AB023-B183-4E08-8935-2B0A891F9352} = {F513EFBB-7592-4F77-930D-C42600C5FF36}
		{7E25A374-61FB-4DEE-A6DC-3E48DEB3D671} = {BA6C44EC-F236-46F2-9274-340FA304FAA8}
		{98AE1BF7-9F20-4E55-A409-B54FF19B79AA} = {BA6C44EC-F236-46F2-9274-340FA304FAA8}
		{10345307-BA34-46F9-971C-05586EC6F6B6} = {BA6C44EC-F236-46F2-9274-340FA304FAA8}
		{6A893E98-59E9-4D5C-A3F2-F72C03ED2F72} = {41033909-42A2-45A8-9F3B-75B6310C73DB}
		{8176A83B-F50A-44B1-91B8-72DBBE668C1A} = {41033909-42A2-45A8-9F3B-75B6310C73DB}
		{A16C3FE7-7275-4C9A-A376-ECCBCB333622} = {E1338630-0A3F-4351-B232-383417CD98A5}
		{617A6D88-5B02-4ED5-A350-B2B52C63CB2D} = {F513EFBB-7592-4F77-930D-C42600C5FF36}
		{3CD0AF46-F0F3-402F-A373-19F53721875B} = {41033909-42A2-45A8-9F3B-75B6310C73DB}
		{F402D7F3-8124-4ECA-BC1D-E77014CAE92A} = {5D1AD185-9E74-468D-95E5-16C12FBA9251}
		{23EF2B7A-E6D0-4BA7-BE9E-79E8797AE219} = {CE450EB3-71DA-4FAF-B450-97EA40FDD2BD}
		{43F307D9-1F09-41AF-BECF-843D2A602283} = {23EF2B7A-E6D0-4BA7-BE9E-79E8797AE219}
		{E6F7C5D2-EB2D-4EBA-974F-AFDAC6C4EA62} = {83C8F4C7-961B-4589-BCB2-D8B3B6E87382}
		{D220003C-5229-4EB8-8944-8502535E3088} = {83C8F4C7-961B-4589-BCB2-D8B3B6E87382}
		{2C794029-F098-48D7-872F-04B38C185659} = {23EF2B7A-E6D0-4BA7-BE9E-79E8797AE219}
		{996678F9-6738-41B8-ACF9-18BB5F252350} = {AA6100B4-5EE4-46EE-B870-743CF0DC6A09}
		{340F8411-C20F-44B0-9278-9C78FBE21BC8} = {996678F9-6738-41B8-ACF9-18BB5F252350}
		{30152956-9F7A-45F1-B0D5-BD8E92846748} = {996678F9-6738-41B8-ACF9-18BB5F252350}
		{C7589ED5-54FB-4474-AD46-1687E0F05632} = {996678F9-6738-41B8-ACF9-18BB5F252350}
		{8E32AACD-91F5-4692-82B5-C501F31CD834} = {AA6100B4-5EE4-46EE-B870-743CF0DC6A09}
		{A1C8BEA0-9A5F-4544-BD37-AC3794213EDA} = {8E32AACD-91F5-4692-82B5-C501F31CD834}
		{68148107-4D9F-4588-9F09-B52EC411BE7D} = {8E32AACD-91F5-4692-82B5-C501F31CD834}
		{83C8F4C7-961B-4589-BCB2-D8B3B6E87382} = {CE450EB3-71DA-4FAF-B450-97EA40FDD2BD}
		{CDBF92CF-BBC8-4176-BE52-6BC10713AD05} = {8E32AACD-91F5-4692-82B5-C501F31CD834}
		{29FD358F-1F7F-41FE-81AA-A3C2F2AC0511} = {AA6100B4-5EE4-46EE-B870-743CF0DC6A09}
		{E5C8D279-F413-4B75-9773-9276A09E3A41} = {745DB70F-02C3-438C-BA78-A3E7D1702DA6}
		{50CB6B6A-6742-4DEE-B8CF-9E4637A4B8FB} = {745DB70F-02C3-438C-BA78-A3E7D1702DA6}
		{28B1E5F1-3BC8-4CA4-A1F8-ACDD045F5874} = {29FD358F-1F7F-41FE-81AA-A3C2F2AC0511}
		{745DB70F-02C3-438C-BA78-A3E7D1702DA6} = {29FD358F-1F7F-41FE-81AA-A3C2F2AC0511}
		{B58DB04F-C248-47EE-BB0A-45332980BE21} = {745DB70F-02C3-438C-BA78-A3E7D1702DA6}
		{E7428588-845D-4289-BEF3-7505FB2CABC1} = {745DB70F-02C3-438C-BA78-A3E7D1702DA6}
	EndGlobalSection
	GlobalSection(ExtensibilityGlobals) = postSolution
		SolutionGuid = {A1545996-40BE-4F88-A489-BE41C612DB22}
	EndGlobalSection
EndGlobal
