
Microsoft Visual Studio Solution File, Format Version 12.00
# Visual Studio Version 16
VisualStudioVersion = 16.0.29519.87
MinimumVisualStudioVersion = 10.0.40219.1
Project("{9A19103F-16F7-4668-BE54-9A1E7A4F7556}") = "MCS.Web.Framework", "MCS.Web.Framework\MCS.Web.Framework.csproj", "{266AB023-B183-4E08-8935-2B0A891F9352}"
EndProject
Project("{9A19103F-16F7-4668-BE54-9A1E7A4F7556}") = "MCS.Service", "MCS.Service\MCS.Service.csproj", "{7E25A374-61FB-4DEE-A6DC-3E48DEB3D671}"
EndProject
Project("{9A19103F-16F7-4668-BE54-9A1E7A4F7556}") = "MCS.ServiceProvider", "MCS.ServiceProvider\MCS.ServiceProvider.csproj", "{98AE1BF7-9F20-4E55-A409-B54FF19B79AA}"
EndProject
Project("{9A19103F-16F7-4668-BE54-9A1E7A4F7556}") = "MCS.IService", "MCS.IService\MCS.IService.csproj", "{10345307-BA34-46F9-971C-05586EC6F6B6}"
EndProject
Project("{9A19103F-16F7-4668-BE54-9A1E7A4F7556}") = "MCS.Entities", "MCS.Entities\MCS.Entities.csproj", "{6A893E98-59E9-4D5C-A3F2-F72C03ED2F72}"
EndProject
Project("{9A19103F-16F7-4668-BE54-9A1E7A4F7556}") = "MCS.CommonModel", "MCS.CommonModel\MCS.CommonModel.csproj", "{8176A83B-F50A-44B1-91B8-72DBBE668C1A}"
EndProject
Project("{9A19103F-16F7-4668-BE54-9A1E7A4F7556}") = "MCS.Core", "MCS.Core\MCS.Core.csproj", "{A16C3FE7-7275-4C9A-A376-ECCBCB333622}"
EndProject
Project("{9A19103F-16F7-4668-BE54-9A1E7A4F7556}") = "MCS.Web", "MCS.Web\MCS.Web.csproj", "{617A6D88-5B02-4ED5-A350-B2B52C63CB2D}"
EndProject
Project("{9A19103F-16F7-4668-BE54-9A1E7A4F7556}") = "MCS.DTO", "MCS.DTO\MCS.DTO.csproj", "{3CD0AF46-F0F3-402F-A373-19F53721875B}"
EndProject
Project("{2150E333-8FDC-42A3-9474-1A3956D46DE8}") = "Web", "Web", "{F513EFBB-7592-4F77-930D-C42600C5FF36}"
EndProject
Project("{2150E333-8FDC-42A3-9474-1A3956D46DE8}") = "Data", "Data", "{41033909-42A2-45A8-9F3B-75B6310C73DB}"
EndProject
Project("{2150E333-8FDC-42A3-9474-1A3956D46DE8}") = "Core", "Core", "{E1338630-0A3F-4351-B232-383417CD98A5}"
EndProject
Project("{2150E333-8FDC-42A3-9474-1A3956D46DE8}") = "Service", "Service", "{BA6C44EC-F236-46F2-9274-340FA304FAA8}"
EndProject
Project("{9A19103F-16F7-4668-BE54-9A1E7A4F7556}") = "MCS.Application", "MCS.Application\MCS.Application.csproj", "{F402D7F3-8124-4ECA-BC1D-E77014CAE92A}"
EndProject
Project("{2150E333-8FDC-42A3-9474-1A3956D46DE8}") = "Application", "Application", "{5D1AD185-9E74-468D-95E5-16C12FBA9251}"
EndProject
Project("{2150E333-8FDC-42A3-9474-1A3956D46DE8}") = "Cache", "Cache", "{23EF2B7A-E6D0-4BA7-BE9E-79E8797AE219}"
EndProject
Project("{2150E333-8FDC-42A3-9474-1A3956D46DE8}") = "Plugins", "Plugins", "{AA6100B4-5EE4-46EE-B870-743CF0DC6A09}"
EndProject
Project("{FAE04EC0-301F-11D3-BF4B-00C04F79EFBC}") = "MCS.Strategy.AspNetCoreCache", "MCS.Strategy.AspNetCoreCache\MCS.Strategy.AspNetCoreCache.csproj", "{43F307D9-1F09-41AF-BECF-843D2A602283}"
EndProject
Project("{FAE04EC0-301F-11D3-BF4B-00C04F79EFBC}") = "MCS.Strategy.AspNetCoreIO", "MCS.Strategy.AspNetCoreIO\MCS.Strategy.AspNetCoreIO.csproj", "{E6F7C5D2-EB2D-4EBA-974F-AFDAC6C4EA62}"
EndProject
Global
	GlobalSection(SolutionConfigurationPlatforms) = preSolution
		Debug|Any CPU = Debug|Any CPU
		Release|Any CPU = Release|Any CPU
	EndGlobalSection
	GlobalSection(ProjectConfigurationPlatforms) = postSolution
		{266AB023-B183-4E08-8935-2B0A891F9352}.Debug|Any CPU.ActiveCfg = Debug|Any CPU
		{266AB023-B183-4E08-8935-2B0A891F9352}.Debug|Any CPU.Build.0 = Debug|Any CPU
		{266AB023-B183-4E08-8935-2B0A891F9352}.Release|Any CPU.ActiveCfg = Release|Any CPU
		{266AB023-B183-4E08-8935-2B0A891F9352}.Release|Any CPU.Build.0 = Release|Any CPU
		{7E25A374-61FB-4DEE-A6DC-3E48DEB3D671}.Debug|Any CPU.ActiveCfg = Debug|Any CPU
		{7E25A374-61FB-4DEE-A6DC-3E48DEB3D671}.Debug|Any CPU.Build.0 = Debug|Any CPU
		{7E25A374-61FB-4DEE-A6DC-3E48DEB3D671}.Release|Any CPU.ActiveCfg = Release|Any CPU
		{7E25A374-61FB-4DEE-A6DC-3E48DEB3D671}.Release|Any CPU.Build.0 = Release|Any CPU
		{98AE1BF7-9F20-4E55-A409-B54FF19B79AA}.Debug|Any CPU.ActiveCfg = Debug|Any CPU
		{98AE1BF7-9F20-4E55-A409-B54FF19B79AA}.Debug|Any CPU.Build.0 = Debug|Any CPU
		{98AE1BF7-9F20-4E55-A409-B54FF19B79AA}.Release|Any CPU.ActiveCfg = Release|Any CPU
		{98AE1BF7-9F20-4E55-A409-B54FF19B79AA}.Release|Any CPU.Build.0 = Release|Any CPU
		{10345307-BA34-46F9-971C-05586EC6F6B6}.Debug|Any CPU.ActiveCfg = Debug|Any CPU
		{10345307-BA34-46F9-971C-05586EC6F6B6}.Debug|Any CPU.Build.0 = Debug|Any CPU
		{10345307-BA34-46F9-971C-05586EC6F6B6}.Release|Any CPU.ActiveCfg = Release|Any CPU
		{10345307-BA34-46F9-971C-05586EC6F6B6}.Release|Any CPU.Build.0 = Release|Any CPU
		{6A893E98-59E9-4D5C-A3F2-F72C03ED2F72}.Debug|Any CPU.ActiveCfg = Debug|Any CPU
		{6A893E98-59E9-4D5C-A3F2-F72C03ED2F72}.Debug|Any CPU.Build.0 = Debug|Any CPU
		{6A893E98-59E9-4D5C-A3F2-F72C03ED2F72}.Release|Any CPU.ActiveCfg = Release|Any CPU
		{6A893E98-59E9-4D5C-A3F2-F72C03ED2F72}.Release|Any CPU.Build.0 = Release|Any CPU
		{8176A83B-F50A-44B1-91B8-72DBBE668C1A}.Debug|Any CPU.ActiveCfg = Debug|Any CPU
		{8176A83B-F50A-44B1-91B8-72DBBE668C1A}.Debug|Any CPU.Build.0 = Debug|Any CPU
		{8176A83B-F50A-44B1-91B8-72DBBE668C1A}.Release|Any CPU.ActiveCfg = Release|Any CPU
		{8176A83B-F50A-44B1-91B8-72DBBE668C1A}.Release|Any CPU.Build.0 = Release|Any CPU
		{A16C3FE7-7275-4C9A-A376-ECCBCB333622}.Debug|Any CPU.ActiveCfg = Debug|Any CPU
		{A16C3FE7-7275-4C9A-A376-ECCBCB333622}.Debug|Any CPU.Build.0 = Debug|Any CPU
		{A16C3FE7-7275-4C9A-A376-ECCBCB333622}.Release|Any CPU.ActiveCfg = Release|Any CPU
		{A16C3FE7-7275-4C9A-A376-ECCBCB333622}.Release|Any CPU.Build.0 = Release|Any CPU
		{617A6D88-5B02-4ED5-A350-B2B52C63CB2D}.Debug|Any CPU.ActiveCfg = Debug|Any CPU
		{617A6D88-5B02-4ED5-A350-B2B52C63CB2D}.Debug|Any CPU.Build.0 = Debug|Any CPU
		{617A6D88-5B02-4ED5-A350-B2B52C63CB2D}.Release|Any CPU.ActiveCfg = Release|Any CPU
		{617A6D88-5B02-4ED5-A350-B2B52C63CB2D}.Release|Any CPU.Build.0 = Release|Any CPU
		{3CD0AF46-F0F3-402F-A373-19F53721875B}.Debug|Any CPU.ActiveCfg = Debug|Any CPU
		{3CD0AF46-F0F3-402F-A373-19F53721875B}.Debug|Any CPU.Build.0 = Debug|Any CPU
		{3CD0AF46-F0F3-402F-A373-19F53721875B}.Release|Any CPU.ActiveCfg = Release|Any CPU
		{3CD0AF46-F0F3-402F-A373-19F53721875B}.Release|Any CPU.Build.0 = Release|Any CPU
		{F402D7F3-8124-4ECA-BC1D-E77014CAE92A}.Debug|Any CPU.ActiveCfg = Debug|Any CPU
		{F402D7F3-8124-4ECA-BC1D-E77014CAE92A}.Debug|Any CPU.Build.0 = Debug|Any CPU
		{F402D7F3-8124-4ECA-BC1D-E77014CAE92A}.Release|Any CPU.ActiveCfg = Release|Any CPU
		{F402D7F3-8124-4ECA-BC1D-E77014CAE92A}.Release|Any CPU.Build.0 = Release|Any CPU
		{43F307D9-1F09-41AF-BECF-843D2A602283}.Debug|Any CPU.ActiveCfg = Debug|Any CPU
		{43F307D9-1F09-41AF-BECF-843D2A602283}.Debug|Any CPU.Build.0 = Debug|Any CPU
		{43F307D9-1F09-41AF-BECF-843D2A602283}.Release|Any CPU.ActiveCfg = Release|Any CPU
		{43F307D9-1F09-41AF-BECF-843D2A602283}.Release|Any CPU.Build.0 = Release|Any CPU
		{E6F7C5D2-EB2D-4EBA-974F-AFDAC6C4EA62}.Debug|Any CPU.ActiveCfg = Debug|Any CPU
		{E6F7C5D2-EB2D-4EBA-974F-AFDAC6C4EA62}.Debug|Any CPU.Build.0 = Debug|Any CPU
		{E6F7C5D2-EB2D-4EBA-974F-AFDAC6C4EA62}.Release|Any CPU.ActiveCfg = Release|Any CPU
		{E6F7C5D2-EB2D-4EBA-974F-AFDAC6C4EA62}.Release|Any CPU.Build.0 = Release|Any CPU
	EndGlobalSection
	GlobalSection(SolutionProperties) = preSolution
		HideSolutionNode = FALSE
	EndGlobalSection
	GlobalSection(NestedProjects) = preSolution
		{266AB023-B183-4E08-8935-2B0A891F9352} = {F513EFBB-7592-4F77-930D-C42600C5FF36}
		{7E25A374-61FB-4DEE-A6DC-3E48DEB3D671} = {BA6C44EC-F236-46F2-9274-340FA304FAA8}
		{98AE1BF7-9F20-4E55-A409-B54FF19B79AA} = {BA6C44EC-F236-46F2-9274-340FA304FAA8}
		{10345307-BA34-46F9-971C-05586EC6F6B6} = {BA6C44EC-F236-46F2-9274-340FA304FAA8}
		{6A893E98-59E9-4D5C-A3F2-F72C03ED2F72} = {41033909-42A2-45A8-9F3B-75B6310C73DB}
		{8176A83B-F50A-44B1-91B8-72DBBE668C1A} = {41033909-42A2-45A8-9F3B-75B6310C73DB}
		{A16C3FE7-7275-4C9A-A376-ECCBCB333622} = {E1338630-0A3F-4351-B232-383417CD98A5}
		{617A6D88-5B02-4ED5-A350-B2B52C63CB2D} = {F513EFBB-7592-4F77-930D-C42600C5FF36}
		{3CD0AF46-F0F3-402F-A373-19F53721875B} = {41033909-42A2-45A8-9F3B-75B6310C73DB}
		{F402D7F3-8124-4ECA-BC1D-E77014CAE92A} = {5D1AD185-9E74-468D-95E5-16C12FBA9251}
		{43F307D9-1F09-41AF-BECF-843D2A602283} = {23EF2B7A-E6D0-4BA7-BE9E-79E8797AE219}
		{E6F7C5D2-EB2D-4EBA-974F-AFDAC6C4EA62} = {23EF2B7A-E6D0-4BA7-BE9E-79E8797AE219}
	EndGlobalSection
	GlobalSection(ExtensibilityGlobals) = postSolution
		SolutionGuid = {A1545996-40BE-4F88-A489-BE41C612DB22}
	EndGlobalSection
EndGlobal
